# THIS IS AN AUTOGENERATED FILE. DO NOT EDIT THIS FILE DIRECTLY.
# yarn lockfile v1


"@mdi/font@^3.5.95":
  version "3.5.95"
  resolved "https://registry.yarnpkg.com/@mdi/font/-/font-3.5.95.tgz#422d1982566b4a0577b457cd0acc2168ee8343c3"
  integrity sha512-WHSJ0TJ70qkn+EPsW9w22pQU+kjEnRZlfN4N7xsFFmKa6VhpdQcwTWqj9PDH3oq6Be2p0IW/VDURJvPWDnBAUw==

codemirror@^5.44.0:
  version "5.44.0"
  resolved "https://registry.yarnpkg.com/codemirror/-/codemirror-5.44.0.tgz#80dc2a231eeb7aab25ec2405cdca37e693ccf9cc"
  integrity sha512-3l42syTNakCdCQuYeZJXTyxina6Y9i4V0ighSJXNCQtRbaCN76smKKLu1ZHPHQon3rnzC7l4i/0r4gp809K1wg==
